// !$*UTF8*$!
{
	archiveVersion = 1;
	classes = {
	};
	objectVersion = 50;
	objects = {

/* Begin PBXBuildFile section */
		8B009A6E24F8E96800D4537E /* AppDelegate.swift in Sources */ = {isa = PBXBuildFile; fileRef = 8B009A6D24F8E96800D4537E /* AppDelegate.swift */; };
		8B009A7024F8E96800D4537E /* SceneDelegate.swift in Sources */ = {isa = PBXBuildFile; fileRef = 8B009A6F24F8E96800D4537E /* SceneDelegate.swift */; };
		8B009A7224F8E96800D4537E /* ContentView.swift in Sources */ = {isa = PBXBuildFile; fileRef = 8B009A7124F8E96800D4537E /* ContentView.swift */; };
		8B009A7424F8E96B00D4537E /* Assets.xcassets in Resources */ = {isa = PBXBuildFile; fileRef = 8B009A7324F8E96B00D4537E /* Assets.xcassets */; };
		8B009A7724F8E96B00D4537E /* Preview Assets.xcassets in Resources */ = {isa = PBXBuildFile; fileRef = 8B009A7624F8E96B00D4537E /* Preview Assets.xcassets */; };
		8B009A7A24F8E96B00D4537E /* LaunchScreen.storyboard in Resources */ = {isa = PBXBuildFile; fileRef = 8B009A7824F8E96B00D4537E /* LaunchScreen.storyboard */; };
		8B7E65F024FA3654007502A1 /* Model.xcdatamodeld in Sources */ = {isa = PBXBuildFile; fileRef = 8B7E65EE24FA3654007502A1 /* Model.xcdatamodeld */; };
		8B7E660A24FAB10D007502A1 /* Friend+CoreDataClass.swift in Sources */ = {isa = PBXBuildFile; fileRef = 8B7E660824FAB10D007502A1 /* Friend+CoreDataClass.swift */; };
		8B7E660B24FAB10D007502A1 /* Friend+CoreDataProperties.swift in Sources */ = {isa = PBXBuildFile; fileRef = 8B7E660924FAB10D007502A1 /* Friend+CoreDataProperties.swift */; };
		8BDB951D24F927A90055A909 /* README.md in Resources */ = {isa = PBXBuildFile; fileRef = 8BDB951C24F927A90055A909 /* README.md */; };
		8BDB951F24F929A90055A909 /* UserDetailView.swift in Sources */ = {isa = PBXBuildFile; fileRef = 8BDB951E24F929A90055A909 /* UserDetailView.swift */; };
/* End PBXBuildFile section */

/* Begin PBXFileReference section */
		8B009A6A24F8E96800D4537E /* FriendFace.app */ = {isa = PBXFileReference; explicitFileType = wrapper.application; includeInIndex = 0; path = FriendFace.app; sourceTree = BUILT_PRODUCTS_DIR; };
		8B009A6D24F8E96800D4537E /* AppDelegate.swift */ = {isa = PBXFileReference; lastKnownFileType = sourcecode.swift; path = AppDelegate.swift; sourceTree = "<group>"; };
		8B009A6F24F8E96800D4537E /* SceneDelegate.swift */ = {isa = PBXFileReference; lastKnownFileType = sourcecode.swift; path = SceneDelegate.swift; sourceTree = "<group>"; };
		8B009A7124F8E96800D4537E /* ContentView.swift */ = {isa = PBXFileReference; lastKnownFileType = sourcecode.swift; path = ContentView.swift; sourceTree = "<group>"; };
		8B009A7324F8E96B00D4537E /* Assets.xcassets */ = {isa = PBXFileReference; lastKnownFileType = folder.assetcatalog; path = Assets.xcassets; sourceTree = "<group>"; };
		8B009A7624F8E96B00D4537E /* Preview Assets.xcassets */ = {isa = PBXFileReference; lastKnownFileType = folder.assetcatalog; path = "Preview Assets.xcassets"; sourceTree = "<group>"; };
		8B009A7924F8E96B00D4537E /* Base */ = {isa = PBXFileReference; lastKnownFileType = file.storyboard; name = Base; path = Base.lproj/LaunchScreen.storyboard; sourceTree = "<group>"; };
		8B009A7B24F8E96B00D4537E /* Info.plist */ = {isa = PBXFileReference; lastKnownFileType = text.plist.xml; path = Info.plist; sourceTree = "<group>"; };
		8B7E65EF24FA3654007502A1 /* Model.xcdatamodel */ = {isa = PBXFileReference; lastKnownFileType = wrapper.xcdatamodel; path = Model.xcdatamodel; sourceTree = "<group>"; };
		8B7E660824FAB10D007502A1 /* Friend+CoreDataClass.swift */ = {isa = PBXFileReference; lastKnownFileType = sourcecode.swift; path = "Friend+CoreDataClass.swift"; sourceTree = "<group>"; };
		8B7E660924FAB10D007502A1 /* Friend+CoreDataProperties.swift */ = {isa = PBXFileReference; lastKnownFileType = sourcecode.swift; path = "Friend+CoreDataProperties.swift"; sourceTree = "<group>"; };
		8BDB951C24F927A90055A909 /* README.md */ = {isa = PBXFileReference; fileEncoding = 4; lastKnownFileType = net.daringfireball.markdown; path = README.md; sourceTree = "<group>"; };
		8BDB951E24F929A90055A909 /* UserDetailView.swift */ = {isa = PBXFileReference; lastKnownFileType = sourcecode.swift; path = UserDetailView.swift; sourceTree = "<group>"; };
/* End PBXFileReference section */

/* Begin PBXFrameworksBuildPhase section */
		8B009A6724F8E96800D4537E /* Frameworks */ = {
			isa = PBXFrameworksBuildPhase;
			buildActionMask = 2147483647;
			files = (
			);
			runOnlyForDeploymentPostprocessing = 0;
		};
/* End PBXFrameworksBuildPhase section */

/* Begin PBXGroup section */
		8B009A6124F8E96800D4537E = {
			isa = PBXGroup;
			children = (
				8BDB951C24F927A90055A909 /* README.md */,
				8B009A6C24F8E96800D4537E /* FriendFace */,
				8B009A6B24F8E96800D4537E /* Products */,
			);
			sourceTree = "<group>";
		};
		8B009A6B24F8E96800D4537E /* Products */ = {
			isa = PBXGroup;
			children = (
				8B009A6A24F8E96800D4537E /* FriendFace.app */,
			);
			name = Products;
			sourceTree = "<group>";
		};
		8B009A6C24F8E96800D4537E /* FriendFace */ = {
			isa = PBXGroup;
			children = (
				8B7E660824FAB10D007502A1 /* Friend+CoreDataClass.swift */,
				8B7E660924FAB10D007502A1 /* Friend+CoreDataProperties.swift */,
				8B009A6D24F8E96800D4537E /* AppDelegate.swift */,
				8B009A6F24F8E96800D4537E /* SceneDelegate.swift */,
				8B009A7124F8E96800D4537E /* ContentView.swift */,
				8B009A7324F8E96B00D4537E /* Assets.xcassets */,
				8B009A7824F8E96B00D4537E /* LaunchScreen.storyboard */,
				8B009A7B24F8E96B00D4537E /* Info.plist */,
				8B009A7524F8E96B00D4537E /* Preview Content */,
				8BDB951E24F929A90055A909 /* UserDetailView.swift */,
				8B7E65EE24FA3654007502A1 /* Model.xcdatamodeld */,
			);
			path = FriendFace;
			sourceTree = "<group>";
		};
		8B009A7524F8E96B00D4537E /* Preview Content */ = {
			isa = PBXGroup;
			children = (
				8B009A7624F8E96B00D4537E /* Preview Assets.xcassets */,
			);
			path = "Preview Content";
			sourceTree = "<group>";
		};
/* End PBXGroup section */

/* Begin PBXNativeTarget section */
		8B009A6924F8E96800D4537E /* FriendFace */ = {
			isa = PBXNativeTarget;
			buildConfigurationList = 8B009A7E24F8E96B00D4537E /* Build configuration list for PBXNativeTarget "FriendFace" */;
			buildPhases = (
				8B009A6624F8E96800D4537E /* Sources */,
				8B009A6724F8E96800D4537E /* Frameworks */,
				8B009A6824F8E96800D4537E /* Resources */,
			);
			buildRules = (
			);
			dependencies = (
			);
			name = FriendFace;
			productName = FriendFace;
			productReference = 8B009A6A24F8E96800D4537E /* FriendFace.app */;
			productType = "com.apple.product-type.application";
		};
/* End PBXNativeTarget section */

/* Begin PBXProject section */
		8B009A6224F8E96800D4537E /* Project object */ = {
			isa = PBXProject;
			attributes = {
				LastSwiftUpdateCheck = 1160;
				LastUpgradeCheck = 1160;
				ORGANIZATIONNAME = "Paul Richardson";
				TargetAttributes = {
					8B009A6924F8E96800D4537E = {
						CreatedOnToolsVersion = 11.6;
					};
				};
			};
			buildConfigurationList = 8B009A6524F8E96800D4537E /* Build configuration list for PBXProject "FriendFace" */;
			compatibilityVersion = "Xcode 9.3";
			developmentRegion = en;
			hasScannedForEncodings = 0;
			knownRegions = (
				en,
				Base,
			);
			mainGroup = 8B009A6124F8E96800D4537E;
			productRefGroup = 8B009A6B24F8E96800D4537E /* Products */;
			projectDirPath = "";
			projectRoot = "";
			targets = (
				8B009A6924F8E96800D4537E /* FriendFace */,
			);
		};
/* End PBXProject section */

/* Begin PBXResourcesBuildPhase section */
		8B009A6824F8E96800D4537E /* Resources */ = {
			isa = PBXResourcesBuildPhase;
			buildActionMask = 2147483647;
			files = (
				8B009A7A24F8E96B00D4537E /* LaunchScreen.storyboard in Resources */,
				8B009A7724F8E96B00D4537E /* Preview Assets.xcassets in Resources */,
				8BDB951D24F927A90055A909 /* README.md in Resources */,
				8B009A7424F8E96B00D4537E /* Assets.xcassets in Resources */,
			);
			runOnlyForDeploymentPostprocessing = 0;
		};
/* End PBXResourcesBuildPhase section */

/* Begin PBXSourcesBuildPhase section */
		8B009A6624F8E96800D4537E /* Sources */ = {
			isa = PBXSourcesBuildPhase;
			buildActionMask = 2147483647;
			files = (
				8B009A6E24F8E96800D4537E /* AppDelegate.swift in Sources */,
				8B7E660A24FAB10D007502A1 /* Friend+CoreDataClass.swift in Sources */,
				8B7E65F024FA3654007502A1 /* Model.xcdatamodeld in Sources */,
				8B009A7024F8E96800D4537E /* SceneDelegate.swift in Sources */,
				8BDB951F24F929A90055A909 /* UserDetailView.swift in Sources */,
				8B009A7224F8E96800D4537E /* ContentView.swift in Sources */,
				8B7E660B24FAB10D007502A1 /* Friend+CoreDataProperties.swift in Sources */,
			);
			runOnlyForDeploymentPostprocessing = 0;
		};
/* End PBXSourcesBuildPhase section */

/* Begin PBXVariantGroup section */
		8B009A7824F8E96B00D4537E /* LaunchScreen.storyboard */ = {
			isa = PBXVariantGroup;
			children = (
				8B009A7924F8E96B00D4537E /* Base */,
			);
			name = LaunchScreen.storyboard;
			sourceTree = "<group>";
		};
/* End PBXVariantGroup section */

/* Begin XCBuildConfiguration section */
		8B009A7C24F8E96B00D4537E /* Debug */ = {
			isa = XCBuildConfiguration;
			buildSettings = {
				ALWAYS_SEARCH_USER_PATHS = NO;
				CLANG_ANALYZER_NONNULL = YES;
				CLANG_ANALYZER_NUMBER_OBJECT_CONVERSION = YES_AGGRESSIVE;
				CLANG_CXX_LANGUAGE_STANDARD = "gnu++14";
				CLANG_CXX_LIBRARY = "libc++";
				CLANG_ENABLE_MODULES = YES;
				CLANG_ENABLE_OBJC_ARC = YES;
				CLANG_ENABLE_OBJC_WEAK = YES;
				CLANG_WARN_BLOCK_CAPTURE_AUTORELEASING = YES;
				CLANG_WARN_BOOL_CONVERSION = YES;
				CLANG_WARN_COMMA = YES;
				CLANG_WARN_CONSTANT_CONVERSION = YES;
				CLANG_WARN_DEPRECATED_OBJC_IMPLEMENTATIONS = YES;
				CLANG_WARN_DIRECT_OBJC_ISA_USAGE = YES_ERROR;
				CLANG_WARN_DOCUMENTATION_COMMENTS = YES;
				CLANG_WARN_EMPTY_BODY = YES;
				CLANG_WARN_ENUM_CONVERSION = YES;
				CLANG_WARN_INFINITE_RECURSION = YES;
				CLANG_WARN_INT_CONVERSION = YES;
				CLANG_WARN_NON_LITERAL_NULL_CONVERSION = YES;
				CLANG_WARN_OBJC_IMPLICIT_RETAIN_SELF = YES;
				CLANG_WARN_OBJC_LITERAL_CONVERSION = YES;
				CLANG_WARN_OBJC_ROOT_CLASS = YES_ERROR;
				CLANG_WARN_RANGE_LOOP_ANALYSIS = YES;
				CLANG_WARN_STRICT_PROTOTYPES = YES;
				CLANG_WARN_SUSPICIOUS_MOVE = YES;
				CLANG_WARN_UNGUARDED_AVAILABILITY = YES_AGGRESSIVE;
				CLANG_WARN_UNREACHABLE_CODE = YES;
				CLANG_WARN__DUPLICATE_METHOD_MATCH = YES;
				COPY_PHASE_STRIP = NO;
				DEBUG_INFORMATION_FORMAT = dwarf;
				ENABLE_STRICT_OBJC_MSGSEND = YES;
				ENABLE_TESTABILITY = YES;
				GCC_C_LANGUAGE_STANDARD = gnu11;
				GCC_DYNAMIC_NO_PIC = NO;
				GCC_NO_COMMON_BLOCKS = YES;
				GCC_OPTIMIZATION_LEVEL = 0;
				GCC_PREPROCESSOR_DEFINITIONS = (
					"DEBUG=1",
					"$(inherited)",
				);
				GCC_WARN_64_TO_32_BIT_CONVERSION = YES;
				GCC_WARN_ABOUT_RETURN_TYPE = YES_ERROR;
				GCC_WARN_UNDECLARED_SELECTOR = YES;
				GCC_WARN_UNINITIALIZED_AUTOS = YES_AGGRESSIVE;
				GCC_WARN_UNUSED_FUNCTION = YES;
				GCC_WARN_UNUSED_VARIABLE = YES;
				IPHONEOS_DEPLOYMENT_TARGET = 13.6;
				MTL_ENABLE_DEBUG_INFO = INCLUDE_SOURCE;
				MTL_FAST_MATH = YES;
				ONLY_ACTIVE_ARCH = YES;
				SDKROOT = iphoneos;
				SWIFT_ACTIVE_COMPILATION_CONDITIONS = DEBUG;
				SWIFT_OPTIMIZATION_LEVEL = "-Onone";
			};
			name = Debug;
		};
		8B009A7D24F8E96B00D4537E /* Release */ = {
			isa = XCBuildConfiguration;
			buildSettings = {
				ALWAYS_SEARCH_USER_PATHS = NO;
				CLANG_ANALYZER_NONNULL = YES;
				CLANG_ANALYZER_NUMBER_OBJECT_CONVERSION = YES_AGGRESSIVE;
				CLANG_CXX_LANGUAGE_STANDARD = "gnu++14";
				CLANG_CXX_LIBRARY = "libc++";
				CLANG_ENABLE_MODULES = YES;
				CLANG_ENABLE_OBJC_ARC = YES;
				CLANG_ENABLE_OBJC_WEAK = YES;
				CLANG_WARN_BLOCK_CAPTURE_AUTORELEASING = YES;
				CLANG_WARN_BOOL_CONVERSION = YES;
				CLANG_WARN_COMMA = YES;
				CLANG_WARN_CONSTANT_CONVERSION = YES;
				CLANG_WARN_DEPRECATED_OBJC_IMPLEMENTATIONS = YES;
				CLANG_WARN_DIRECT_OBJC_ISA_USAGE = YES_ERROR;
				CLANG_WARN_DOCUMENTATION_COMMENTS = YES;
				CLANG_WARN_EMPTY_BODY = YES;
				CLANG_WARN_ENUM_CONVERSION = YES;
				CLANG_WARN_INFINITE_RECURSION = YES;
				CLANG_WARN_INT_CONVERSION = YES;
				CLANG_WARN_NON_LITERAL_NULL_CONVERSION = YES;
				CLANG_WARN_OBJC_IMPLICIT_RETAIN_SELF = YES;
				CLANG_WARN_OBJC_LITERAL_CONVERSION = YES;
				CLANG_WARN_OBJC_ROOT_CLASS = YES_ERROR;
				CLANG_WARN_RANGE_LOOP_ANALYSIS = YES;
				CLANG_WARN_STRICT_PROTOTYPES = YES;
				CLANG_WARN_SUSPICIOUS_MOVE = YES;
				CLANG_WARN_UNGUARDED_AVAILABILITY = YES_AGGRESSIVE;
				CLANG_WARN_UNREACHABLE_CODE = YES;
				CLANG_WARN__DUPLICATE_METHOD_MATCH = YES;
				COPY_PHASE_STRIP = NO;
				DEBUG_INFORMATION_FORMAT = "dwarf-with-dsym";
				ENABLE_NS_ASSERTIONS = NO;
				ENABLE_STRICT_OBJC_MSGSEND = YES;
				GCC_C_LANGUAGE_STANDARD = gnu11;
				GCC_NO_COMMON_BLOCKS = YES;
				GCC_WARN_64_TO_32_BIT_CONVERSION = YES;
				GCC_WARN_ABOUT_RETURN_TYPE = YES_ERROR;
				GCC_WARN_UNDECLARED_SELECTOR = YES;
				GCC_WARN_UNINITIALIZED_AUTOS = YES_AGGRESSIVE;
				GCC_WARN_UNUSED_FUNCTION = YES;
				GCC_WARN_UNUSED_VARIABLE = YES;
				IPHONEOS_DEPLOYMENT_TARGET = 13.6;
				MTL_ENABLE_DEBUG_INFO = NO;
				MTL_FAST_MATH = YES;
				SDKROOT = iphoneos;
				SWIFT_COMPILATION_MODE = wholemodule;
				SWIFT_OPTIMIZATION_LEVEL = "-O";
				VALIDATE_PRODUCT = YES;
			};
			name = Release;
		};
		8B009A7F24F8E96B00D4537E /* Debug */ = {
			isa = XCBuildConfiguration;
			buildSettings = {
				ASSETCATALOG_COMPILER_APPICON_NAME = AppIcon;
				CODE_SIGN_STYLE = Automatic;
				DEVELOPMENT_ASSET_PATHS = "\"FriendFace/Preview Content\"";
				DEVELOPMENT_TEAM = UC6H82UP9B;
				ENABLE_PREVIEWS = YES;
				INFOPLIST_FILE = FriendFace/Info.plist;
				LD_RUNPATH_SEARCH_PATHS = (
					"$(inherited)",
					"@executable_path/Frameworks",
				);
				PRODUCT_BUNDLE_IDENTIFIER = com.plrichardson.FriendFace;
				PRODUCT_NAME = "$(TARGET_NAME)";
				SWIFT_VERSION = 5.0;
				TARGETED_DEVICE_FAMILY = "1,2";
			};
			name = Debug;
		};
		8B009A8024F8E96B00D4537E /* Release */ = {
			isa = XCBuildConfiguration;
			buildSettings = {
				ASSETCATALOG_COMPILER_APPICON_NAME = AppIcon;
				CODE_SIGN_STYLE = Automatic;
				DEVELOPMENT_ASSET_PATHS = "\"FriendFace/Preview Content\"";
				DEVELOPMENT_TEAM = UC6H82UP9B;
				ENABLE_PREVIEWS = YES;
				INFOPLIST_FILE = FriendFace/Info.plist;
				LD_RUNPATH_SEARCH_PATHS = (
					"$(inherited)",
					"@executable_path/Frameworks",
				);
				PRODUCT_BUNDLE_IDENTIFIER = com.plrichardson.FriendFace;
				PRODUCT_NAME = "$(TARGET_NAME)";
				SWIFT_VERSION = 5.0;
				TARGETED_DEVICE_FAMILY = "1,2";
			};
			name = Release;
		};
/* End XCBuildConfiguration section */

/* Begin XCConfigurationList section */
		8B009A6524F8E96800D4537E /* Build configuration list for PBXProject "FriendFace" */ = {
			isa = XCConfigurationList;
			buildConfigurations = (
				8B009A7C24F8E96B00D4537E /* Debug */,
				8B009A7D24F8E96B00D4537E /* Release */,
			);
			defaultConfigurationIsVisible = 0;
			defaultConfigurationName = Release;
		};
		8B009A7E24F8E96B00D4537E /* Build configuration list for PBXNativeTarget "FriendFace" */ = {
			isa = XCConfigurationList;
			buildConfigurations = (
				8B009A7F24F8E96B00D4537E /* Debug */,
				8B009A8024F8E96B00D4537E /* Release */,
			);
			defaultConfigurationIsVisible = 0;
			defaultConfigurationName = Release;
		};
/* End XCConfigurationList section */

/* Begin XCVersionGroup section */
		8B7E65EE24FA3654007502A1 /* Model.xcdatamodeld */ = {
			isa = XCVersionGroup;
			children = (
				8B7E65EF24FA3654007502A1 /* Model.xcdatamodel */,
			);
			currentVersion = 8B7E65EF24FA3654007502A1 /* Model.xcdatamodel */;
			path = Model.xcdatamodeld;
			sourceTree = "<group>";
			versionGroupType = wrapper.xcdatamodel;
		};
/* End XCVersionGroup section */
	};
	rootObject = 8B009A6224F8E96800D4537E /* Project object */;
}
